
Microsoft Visual Studio Solution File, Format Version 12.00
# Visual Studio Version 17
VisualStudioVersion = 17.14.36121.58 d17.14
MinimumVisualStudioVersion = 10.0.40219.1
Project("{FAE04EC0-301F-11D3-BF4B-00C04F79EFBC}") = "ClubeDaLeitura.ConsoleApp1", "ClubeDaLeitura.ConsoleApp1\ClubeDaLeitura.ConsoleApp1.csproj", "{10561540-AC37-4A21-B7C6-0687E6A9683C}"
EndProject
Global
	GlobalSection(SolutionConfigurationPlatforms) = preSolution
		Debug|Any CPU = Debug|Any CPU
		Release|Any CPU = Release|Any CPU
	EndGlobalSection
	GlobalSection(ProjectConfigurationPlatforms) = postSolution
		{10561540-AC37-4A21-B7C6-0687E6A9683C}.Debug|Any CPU.ActiveCfg = Debug|Any CPU
		{10561540-AC37-4A21-B7C6-0687E6A9683C}.Debug|Any CPU.Build.0 = Debug|Any CPU
		{10561540-AC37-4A21-B7C6-0687E6A9683C}.Release|Any CPU.ActiveCfg = Release|Any CPU
		{10561540-AC37-4A21-B7C6-0687E6A9683C}.Release|Any CPU.Build.0 = Release|Any CPU
	EndGlobalSection
	GlobalSection(SolutionProperties) = preSolution
		HideSolutionNode = FALSE
	EndGlobalSection
	GlobalSection(ExtensibilityGlobals) = postSolution
		SolutionGuid = {A7955472-B87B-45EF-8238-F17F408A0A53}
	EndGlobalSection
EndGlobal
